{
  "name": "@mostajs/setup",
  "version": "2.0.2",
  "lockfileVersion": 3,
  "requires": true,
  "packages": {
    "": {
      "name": "@mostajs/setup",
      "version": "2.0.2",
      "license": "MIT",
      "dependencies": {
        "@mostajs/orm": "^1.4.15",
        "bcryptjs": "^2.4.3"
      },
      "bin": {
        "mosta-setup": "dist/cli/init.js"
      },
      "devDependencies": {
        "@mostajs/menu": "^1.0.2",
        "@mostajs/socle": "^2.0.0",
        "@types/bcryptjs": "^2.4.0",
        "@types/node": "^25.3.3",
        "@types/react": "^19.2.14",
        "typescript": "^5.6.0"
      },
      "engines": {
        "node": ">=18.0.0"
      },
      "peerDependencies": {
        "@mostajs/menu": ">=1.0.2",
        "@mostajs/socle": ">=2.0.0",
        "react": ">=18.0.0"
      },
      "peerDependenciesMeta": {
        "@mostajs/menu": {
          "optional": true
        },
        "@mostajs/socle": {
          "optional": true
        },
        "react": {
          "optional": true
        }
      }
    },
    "../mosta-orm": {
      "name": "@mostajs/orm",
      "version": "1.0.0",
      "extraneous": true,
      "license": "MIT",
      "devDependencies": {
        "@types/better-sqlite3": "^7.6.0",
        "@types/pg": "^8.0.0",
        "better-sqlite3": "^12.6.2",
        "mongoose": "^8.0.0",
        "typescript": "^5.6.0"
      },
      "engines": {
        "node": ">=18.0.0"
      },
      "peerDependencies": {
        "@google-cloud/spanner": ">=7.0.0",
        "@sap/hana-client": ">=2.0.0",
        "better-sqlite3": ">=9.0.0",
        "ibm_db": ">=3.0.0",
        "mariadb": ">=3.0.0",
        "mongoose": ">=7.0.0",
        "mssql": ">=10.0.0",
        "mysql2": ">=3.0.0",
        "oracledb": ">=6.0.0",
        "pg": ">=8.0.0"
      },
      "peerDependenciesMeta": {
        "@google-cloud/spanner": {
          "optional": true
        },
        "@sap/hana-client": {
          "optional": true
        },
        "better-sqlite3": {
          "optional": true
        },
        "ibm_db": {
          "optional": true
        },
        "mariadb": {
          "optional": true
        },
        "mongoose": {
          "optional": true
        },
        "mssql": {
          "optional": true
        },
        "mysql2": {
          "optional": true
        },
        "oracledb": {
          "optional": true
        },
        "pg": {
          "optional": true
        }
      }
    },
    "../mosta-socle": {
      "name": "@mostajs/socle",
      "version": "2.0.5",
      "dev": true,
      "license": "MIT",
      "bin": {
        "mostajs-socle": "dist/cli.js"
      },
      "devDependencies": {
        "@types/node": "^20",
        "typescript": "^5"
      }
    },
    "node_modules/@mostajs/menu": {
      "version": "1.0.2",
      "resolved": "https://registry.npmjs.org/@mostajs/menu/-/menu-1.0.2.tgz",
      "integrity": "sha512-QwssIaJv8tObgdW1vHix+dOvbGFez8DTVfw2nZ7CoJKeCxTz19qttHtzPr93AKIYMskY60osenyqjEVfQ3cZhQ==",
      "dev": true,
      "license": "MIT",
      "engines": {
        "node": ">=18.0.0"
      },
      "peerDependencies": {
        "lucide-react": ">=0.400.0",
        "next": ">=14",
        "react": ">=18"
      }
    },
    "node_modules/@mostajs/orm": {
      "version": "1.4.15",
      "resolved": "https://registry.npmjs.org/@mostajs/orm/-/orm-1.4.15.tgz",
      "integrity": "sha512-Edz+bHDyrscewLOVU/YtIAX2jCgIHTcsIZO0Sy8rZDyK9ttqJYtxoxgSsobrsWVNUGztBk52XYJqLXh9MAnorg==",
      "license": "MIT",
      "engines": {
        "node": ">=18.0.0"
      },
      "peerDependencies": {
        "@google-cloud/spanner": ">=7.0.0",
        "@mostajs/socle": ">=2.0.0",
        "@sap/hana-client": ">=2.0.0",
        "better-sqlite3": ">=9.0.0",
        "ibm_db": ">=3.0.0",
        "mariadb": ">=3.0.0",
        "mongoose": ">=7.0.0",
        "mssql": ">=10.0.0",
        "mysql2": ">=3.0.0",
        "oracledb": ">=6.0.0",
        "pg": ">=8.0.0"
      },
      "peerDependenciesMeta": {
        "@google-cloud/spanner": {
          "optional": true
        },
        "@sap/hana-client": {
          "optional": true
        },
        "better-sqlite3": {
          "optional": true
        },
        "ibm_db": {
          "optional": true
        },
        "mariadb": {
          "optional": true
        },
        "mongoose": {
          "optional": true
        },
        "mssql": {
          "optional": true
        },
        "mysql2": {
          "optional": true
        },
        "oracledb": {
          "optional": true
        },
        "pg": {
          "optional": true
        }
      }
    },
    "node_modules/@mostajs/socle": {
      "resolved": "../mosta-socle",
      "link": true
    },
    "node_modules/@types/bcryptjs": {
      "version": "2.4.6",
      "resolved": "https://registry.npmjs.org/@types/bcryptjs/-/bcryptjs-2.4.6.tgz",
      "integrity": "sha512-9xlo6R2qDs5uixm0bcIqCeMCE6HiQsIyel9KQySStiyqNl2tnj2mP3DX1Nf56MD6KMenNNlBBsy3LJ7gUEQPXQ==",
      "dev": true,
      "license": "MIT"
    },
    "node_modules/@types/node": {
      "version": "25.3.3",
      "resolved": "https://registry.npmjs.org/@types/node/-/node-25.3.3.tgz",
      "integrity": "sha512-DpzbrH7wIcBaJibpKo9nnSQL0MTRdnWttGyE5haGwK86xgMOkFLp7vEyfQPGLOJh5wNYiJ3V9PmUMDhV9u8kkQ==",
      "dev": true,
      "license": "MIT",
      "dependencies": {
        "undici-types": "~7.18.0"
      }
    },
    "node_modules/@types/react": {
      "version": "19.2.14",
      "resolved": "https://registry.npmjs.org/@types/react/-/react-19.2.14.tgz",
      "integrity": "sha512-ilcTH/UniCkMdtexkoCN0bI7pMcJDvmQFPvuPvmEaYA/NSfFTAgdUSLAoVjaRJm7+6PvcM+q1zYOwS4wTYMF9w==",
      "dev": true,
      "license": "MIT",
      "dependencies": {
        "csstype": "^3.2.2"
      }
    },
    "node_modules/bcryptjs": {
      "version": "2.4.3",
      "resolved": "https://registry.npmjs.org/bcryptjs/-/bcryptjs-2.4.3.tgz",
      "integrity": "sha512-V/Hy/X9Vt7f3BbPJEi8BdVFMByHi+jNXrYkW3huaybV/kQ0KJg0Y6PkEMbn+zeT+i+SiKZ/HMqJGIIt4LZDqNQ==",
      "license": "MIT"
    },
    "node_modules/csstype": {
      "version": "3.2.3",
      "resolved": "https://registry.npmjs.org/csstype/-/csstype-3.2.3.tgz",
      "integrity": "sha512-z1HGKcYy2xA8AGQfwrn0PAy+PB7X/GSj3UVJW9qKyn43xWa+gl5nXmU4qqLMRzWVLFC8KusUX8T/0kCiOYpAIQ==",
      "dev": true,
      "license": "MIT"
    },
    "node_modules/typescript": {
      "version": "5.9.3",
      "resolved": "https://registry.npmjs.org/typescript/-/typescript-5.9.3.tgz",
      "integrity": "sha512-jl1vZzPDinLr9eUt3J/t7V6FgNEw9QjvBPdysz9KfQDD41fQrC2Y4vKQdiaUpFT4bXlb1RHhLpp8wtm6M5TgSw==",
      "dev": true,
      "license": "Apache-2.0",
      "bin": {
        "tsc": "bin/tsc",
        "tsserver": "bin/tsserver"
      },
      "engines": {
        "node": ">=14.17"
      }
    },
    "node_modules/undici-types": {
      "version": "7.18.2",
      "resolved": "https://registry.npmjs.org/undici-types/-/undici-types-7.18.2.tgz",
      "integrity": "sha512-AsuCzffGHJybSaRrmr5eHr81mwJU3kjw6M+uprWvCXiNeN9SOGwQ3Jn8jb8m3Z6izVgknn1R0FTCEAP2QrLY/w==",
      "dev": true,
      "license": "MIT"
    }
  }
}
